// !$*UTF8*$!
{
	archiveVersion = 1;
	classes = {
	};
	objectVersion = 56;
	objects = {

/* Begin PBXBuildFile section */
		BE0A08952C51B6E800D5D102 /* LocationView.swift in Sources */ = {isa = PBXBuildFile; fileRef = BE0A08942C51B6E800D5D102 /* LocationView.swift */; };
		BE5E4FE12C1B769600D36578 /* ToggleViewEmployer.swift in Sources */ = {isa = PBXBuildFile; fileRef = BE5E4FE02C1B769500D36578 /* ToggleViewEmployer.swift */; };
		BE5E4FEC2C1CAF4100D36578 /* ProfileSetupViewEmployer.swift in Sources */ = {isa = PBXBuildFile; fileRef = BE5E4FEB2C1CAF4100D36578 /* ProfileSetupViewEmployer.swift */; };
		BE5E4FEE2C1CAF5900D36578 /* ProfileSetupViewEmployee.swift in Sources */ = {isa = PBXBuildFile; fileRef = BE5E4FED2C1CAF5900D36578 /* ProfileSetupViewEmployee.swift */; };
		BE5E4FF02C1CC8B100D36578 /* ProfileSearchSettings.swift in Sources */ = {isa = PBXBuildFile; fileRef = BE5E4FEF2C1CC8B100D36578 /* ProfileSearchSettings.swift */; };
		BE5E4FF22C1E371800D36578 /* TechnicalsEmployee.swift in Sources */ = {isa = PBXBuildFile; fileRef = BE5E4FF12C1E371800D36578 /* TechnicalsEmployee.swift */; };
		BE5E4FF42C1E441E00D36578 /* HonestyStatement.swift in Sources */ = {isa = PBXBuildFile; fileRef = BE5E4FF32C1E441E00D36578 /* HonestyStatement.swift */; };
		BE5E4FF62C1E485200D36578 /* SoftSkills.swift in Sources */ = {isa = PBXBuildFile; fileRef = BE5E4FF52C1E485200D36578 /* SoftSkills.swift */; };
		BE5E4FF82C1E4F4E00D36578 /* welcomeView.swift in Sources */ = {isa = PBXBuildFile; fileRef = BE5E4FF72C1E4F4E00D36578 /* welcomeView.swift */; };
		BE5E4FFA2C24A1F200D36578 /* WorkEnviornment.swift in Sources */ = {isa = PBXBuildFile; fileRef = BE5E4FF92C24A1F200D36578 /* WorkEnviornment.swift */; };
		BE5E4FFC2C24A41600D36578 /* Hobbies.swift in Sources */ = {isa = PBXBuildFile; fileRef = BE5E4FFB2C24A41600D36578 /* Hobbies.swift */; };
		BE5E4FFE2C24A73800D36578 /* ProfileConfirmation.swift in Sources */ = {isa = PBXBuildFile; fileRef = BE5E4FFD2C24A73800D36578 /* ProfileConfirmation.swift */; };
		BE5E50002C24D17000D36578 /* newposition.swift in Sources */ = {isa = PBXBuildFile; fileRef = BE5E4FFF2C24D17000D36578 /* newposition.swift */; };
		BE5E50042C26071100D36578 /* searchsettings.swift in Sources */ = {isa = PBXBuildFile; fileRef = BE5E50032C26071100D36578 /* searchsettings.swift */; };
		BE5E50062C2608FD00D36578 /* DesiredTechnicals.swift in Sources */ = {isa = PBXBuildFile; fileRef = BE5E50052C2608FD00D36578 /* DesiredTechnicals.swift */; };
		BE5E500A2C26093200D36578 /* honestyemployer.swift in Sources */ = {isa = PBXBuildFile; fileRef = BE5E50092C26093200D36578 /* honestyemployer.swift */; };
		BE5E500C2C26093D00D36578 /* enviornmentemployer.swift in Sources */ = {isa = PBXBuildFile; fileRef = BE5E500B2C26093D00D36578 /* enviornmentemployer.swift */; };
		BE5E500E2C26094500D36578 /* softskillsemployer.swift in Sources */ = {isa = PBXBuildFile; fileRef = BE5E500D2C26094500D36578 /* softskillsemployer.swift */; };
		BE5E50102C26094F00D36578 /* hobbiesemployer.swift in Sources */ = {isa = PBXBuildFile; fileRef = BE5E500F2C26094F00D36578 /* hobbiesemployer.swift */; };
		BE5E50122C2644FA00D36578 /* EditProfile.swift in Sources */ = {isa = PBXBuildFile; fileRef = BE5E50112C2644FA00D36578 /* EditProfile.swift */; };
		BE5E50142C26488600D36578 /* EditProfileEmployer.swift in Sources */ = {isa = PBXBuildFile; fileRef = BE5E50132C26488600D36578 /* EditProfileEmployer.swift */; };
		BE5E501D2C2E1FD800D36578 /* GoogleService-Info.plist in Resources */ = {isa = PBXBuildFile; fileRef = BE5E501C2C2E1FD800D36578 /* GoogleService-Info.plist */; };
		BE5E50202C2E213400D36578 /* FirebaseAnalytics in Frameworks */ = {isa = PBXBuildFile; productRef = BE5E501F2C2E213400D36578 /* FirebaseAnalytics */; };
		BE5E50222C2E213400D36578 /* FirebaseAnalyticsSwift in Frameworks */ = {isa = PBXBuildFile; productRef = BE5E50212C2E213400D36578 /* FirebaseAnalyticsSwift */; };
		BE5E50252C3319AB00D36578 /* FirebaseAuth in Frameworks */ = {isa = PBXBuildFile; productRef = BE5E50242C3319AB00D36578 /* FirebaseAuth */; };
		BE5E502D2C33264A00D36578 /* firstView.swift in Sources */ = {isa = PBXBuildFile; fileRef = BE5E502C2C33264A00D36578 /* firstView.swift */; };
		BE6029902C13603B00B3C080 /* PeekingApp.swift in Sources */ = {isa = PBXBuildFile; fileRef = BE60298F2C13603B00B3C080 /* PeekingApp.swift */; };
		BE6029922C13603B00B3C080 /* ContentView.swift in Sources */ = {isa = PBXBuildFile; fileRef = BE6029912C13603B00B3C080 /* ContentView.swift */; };
		BE6029942C13603C00B3C080 /* Assets.xcassets in Resources */ = {isa = PBXBuildFile; fileRef = BE6029932C13603C00B3C080 /* Assets.xcassets */; };
		BE6029972C13603C00B3C080 /* Preview Assets.xcassets in Resources */ = {isa = PBXBuildFile; fileRef = BE6029962C13603C00B3C080 /* Preview Assets.xcassets */; };
		BE6029A12C13603C00B3C080 /* PeekingTests.swift in Sources */ = {isa = PBXBuildFile; fileRef = BE6029A02C13603C00B3C080 /* PeekingTests.swift */; };
		BE6029AB2C13603C00B3C080 /* PeekingUITests.swift in Sources */ = {isa = PBXBuildFile; fileRef = BE6029AA2C13603C00B3C080 /* PeekingUITests.swift */; };
		BE6029AD2C13603C00B3C080 /* PeekingUITestsLaunchTests.swift in Sources */ = {isa = PBXBuildFile; fileRef = BE6029AC2C13603C00B3C080 /* PeekingUITestsLaunchTests.swift */; };
		BE6029C42C136B6A00B3C080 /* BackgroundView.swift in Sources */ = {isa = PBXBuildFile; fileRef = BE6029C32C136B6A00B3C080 /* BackgroundView.swift */; };
		BE6029CF2C13963400B3C080 /* MainView.swift in Sources */ = {isa = PBXBuildFile; fileRef = BE6029CE2C13963400B3C080 /* MainView.swift */; };
		BE6029D22C13966D00B3C080 /* LikedView.swift in Sources */ = {isa = PBXBuildFile; fileRef = BE6029D12C13966D00B3C080 /* LikedView.swift */; };
		BE6029D72C1396C500B3C080 /* HistoryView.swift in Sources */ = {isa = PBXBuildFile; fileRef = BE6029D62C1396C500B3C080 /* HistoryView.swift */; };
		BE6029D92C1396D800B3C080 /* CustomAlertView.swift in Sources */ = {isa = PBXBuildFile; fileRef = BE6029D82C1396D800B3C080 /* CustomAlertView.swift */; };
		BE6029DB2C1396F300B3C080 /* MessagesView.swift in Sources */ = {isa = PBXBuildFile; fileRef = BE6029DA2C1396F300B3C080 /* MessagesView.swift */; };
		BE6029DE2C13971400B3C080 /* ProfileViewEmployer.swift in Sources */ = {isa = PBXBuildFile; fileRef = BE6029DD2C13971400B3C080 /* ProfileViewEmployer.swift */; };
		BE6029E12C13974900B3C080 /* EmployerTiersView.swift in Sources */ = {isa = PBXBuildFile; fileRef = BE6029E02C13974900B3C080 /* EmployerTiersView.swift */; };
		BE6029E32C13975C00B3C080 /* EmployeeTierView.swift in Sources */ = {isa = PBXBuildFile; fileRef = BE6029E22C13975C00B3C080 /* EmployeeTierView.swift */; };
		BE6029E52C16363D00B3C080 /* SettingsView.swift in Sources */ = {isa = PBXBuildFile; fileRef = BE6029E42C16363D00B3C080 /* SettingsView.swift */; };
		BE6029E72C16364400B3C080 /* TipsView.swift in Sources */ = {isa = PBXBuildFile; fileRef = BE6029E62C16364400B3C080 /* TipsView.swift */; };
		BE6029E92C17648500B3C080 /* ProfileViewEmployee.swift in Sources */ = {isa = PBXBuildFile; fileRef = BE6029E82C17648400B3C080 /* ProfileViewEmployee.swift */; };
		BE6029EB2C19069700B3C080 /* ToggleView.swift in Sources */ = {isa = PBXBuildFile; fileRef = BE6029EA2C19069700B3C080 /* ToggleView.swift */; };
		BE77FACD2C498A8900D7F3D0 /* ProfileCardView.swift in Sources */ = {isa = PBXBuildFile; fileRef = BE77FACC2C498A8900D7F3D0 /* ProfileCardView.swift */; };
		BE77FACF2C498B5F00D7F3D0 /* ProfileConfirmationEmployer.swift in Sources */ = {isa = PBXBuildFile; fileRef = BE77FACE2C498B5F00D7F3D0 /* ProfileConfirmationEmployer.swift */; };
		BE77FAD12C4B077900D7F3D0 /* ProfileActionButtons.swift in Sources */ = {isa = PBXBuildFile; fileRef = BE77FAD02C4B077900D7F3D0 /* ProfileActionButtons.swift */; };
		BE77FAD52C4C6A7000D7F3D0 /* ProfileCardViewEmployer.swift in Sources */ = {isa = PBXBuildFile; fileRef = BE77FAD42C4C6A7000D7F3D0 /* ProfileCardViewEmployer.swift */; };
		BE8AF5812C4D919800C1D59B /* FirebaseStorage in Frameworks */ = {isa = PBXBuildFile; productRef = BE8AF5802C4D919800C1D59B /* FirebaseStorage */; };
		BE8AF5842C4DC14000C1D59B /* StorageManager.swift in Sources */ = {isa = PBXBuildFile; fileRef = BE8AF5832C4DC14000C1D59B /* StorageManager.swift */; };
		BEAC5C732C6AD54700C1FE31 /* SwiftUIPager in Frameworks */ = {isa = PBXBuildFile; productRef = BEAC5C722C6AD54700C1FE31 /* SwiftUIPager */; };
		BEAC5C752C71572F00C1FE31 /* LikeHistoryItemView.swift in Sources */ = {isa = PBXBuildFile; fileRef = BEAC5C742C71572F00C1FE31 /* LikeHistoryItemView.swift */; };
		BEAC5C772C74147C00C1FE31 /* testfile.swift in Sources */ = {isa = PBXBuildFile; fileRef = BEAC5C762C74147C00C1FE31 /* testfile.swift */; };
		BEAC5C792C77EB7A00C1FE31 /* ProfileShare.swift in Sources */ = {isa = PBXBuildFile; fileRef = BEAC5C782C77EB7A00C1FE31 /* ProfileShare.swift */; };
		BEAC5C7C2C795DE000C1FE31 /* RevenueCat in Frameworks */ = {isa = PBXBuildFile; productRef = BEAC5C7B2C795DE000C1FE31 /* RevenueCat */; };
		BEAC5C7E2C795DE000C1FE31 /* RevenueCatUI in Frameworks */ = {isa = PBXBuildFile; productRef = BEAC5C7D2C795DE000C1FE31 /* RevenueCatUI */; };
		BEAC5C802C795E0600C1FE31 /* StoreKit.framework in Frameworks */ = {isa = PBXBuildFile; fileRef = BEAC5C7F2C795E0600C1FE31 /* StoreKit.framework */; };
		BEE0CE672C3C4C4600542876 /* ReauthenticationView.swift in Sources */ = {isa = PBXBuildFile; fileRef = BEE0CE662C3C4C4600542876 /* ReauthenticationView.swift */; };
		BEE0CE692C3C864E00542876 /* AppViewModel.swift in Sources */ = {isa = PBXBuildFile; fileRef = BEE0CE682C3C864E00542876 /* AppViewModel.swift */; };
		BEE502522C33394B00B6175B /* PhoneAuthView.swift in Sources */ = {isa = PBXBuildFile; fileRef = BEE502512C33394B00B6175B /* PhoneAuthView.swift */; };
		BEE5025A2C3872F300B6175B /* FirebaseFirestore in Frameworks */ = {isa = PBXBuildFile; productRef = BEE502592C3872F300B6175B /* FirebaseFirestore */; };
		BEE5025C2C3872F300B6175B /* FirebaseFirestoreSwift in Frameworks */ = {isa = PBXBuildFile; productRef = BEE5025B2C3872F300B6175B /* FirebaseFirestoreSwift */; };
		BEE5026F2C39D59300B6175B /* LoadingView.swift in Sources */ = {isa = PBXBuildFile; fileRef = BEE5026E2C39D59300B6175B /* LoadingView.swift */; };
		BEE502722C3B293E00B6175B /* AuhenticationManager.swift in Sources */ = {isa = PBXBuildFile; fileRef = BEE502712C3B293E00B6175B /* AuhenticationManager.swift */; };
		BEE502742C3B2A5B00B6175B /* SignInAppleHelper.swift in Sources */ = {isa = PBXBuildFile; fileRef = BEE502732C3B2A5B00B6175B /* SignInAppleHelper.swift */; };
		BEE502762C3B2A8F00B6175B /* Utilities.swift in Sources */ = {isa = PBXBuildFile; fileRef = BEE502752C3B2A8F00B6175B /* Utilities.swift */; };
		BEE502782C3B2C8400B6175B /* SignInWithPhoneHelper.swift in Sources */ = {isa = PBXBuildFile; fileRef = BEE502772C3B2C8400B6175B /* SignInWithPhoneHelper.swift */; };
		BEE5027A2C3B34A500B6175B /* AuthenticationViewModel.swift in Sources */ = {isa = PBXBuildFile; fileRef = BEE502792C3B34A500B6175B /* AuthenticationViewModel.swift */; };
		BEE5027C2C3B380500B6175B /* UserManager.swift in Sources */ = {isa = PBXBuildFile; fileRef = BEE5027B2C3B380500B6175B /* UserManager.swift */; };
		BEE51D8E2C5AF03D0054ED64 /* APIClient.swift in Sources */ = {isa = PBXBuildFile; fileRef = BEE51D8D2C5AF03D0054ED64 /* APIClient.swift */; };
		BEFCA0272C432F0900A6C120 /* ProfileUpdater.swift in Sources */ = {isa = PBXBuildFile; fileRef = BEFCA0262C432F0900A6C120 /* ProfileUpdater.swift */; };
		BEFCA0292C485DCF00A6C120 /* ProfileUpdaterEmployer.swift in Sources */ = {isa = PBXBuildFile; fileRef = BEFCA0282C485DCF00A6C120 /* ProfileUpdaterEmployer.swift */; };
/* End PBXBuildFile section */

/* Begin PBXContainerItemProxy section */
		BE60299D2C13603C00B3C080 /* PBXContainerItemProxy */ = {
			isa = PBXContainerItemProxy;
			containerPortal = BE6029842C13603B00B3C080 /* Project object */;
			proxyType = 1;
			remoteGlobalIDString = BE60298B2C13603B00B3C080;
			remoteInfo = Peeking;
		};
		BE6029A72C13603C00B3C080 /* PBXContainerItemProxy */ = {
			isa = PBXContainerItemProxy;
			containerPortal = BE6029842C13603B00B3C080 /* Project object */;
			proxyType = 1;
			remoteGlobalIDString = BE60298B2C13603B00B3C080;
			remoteInfo = Peeking;
		};
/* End PBXContainerItemProxy section */

/* Begin PBXFileReference section */
		BE0A08942C51B6E800D5D102 /* LocationView.swift */ = {isa = PBXFileReference; lastKnownFileType = sourcecode.swift; path = LocationView.swift; sourceTree = "<group>"; };
		BE5E4FE02C1B769500D36578 /* ToggleViewEmployer.swift */ = {isa = PBXFileReference; lastKnownFileType = sourcecode.swift; path = ToggleViewEmployer.swift; sourceTree = "<group>"; };
		BE5E4FEB2C1CAF4100D36578 /* ProfileSetupViewEmployer.swift */ = {isa = PBXFileReference; lastKnownFileType = sourcecode.swift; path = ProfileSetupViewEmployer.swift; sourceTree = "<group>"; };
		BE5E4FED2C1CAF5900D36578 /* ProfileSetupViewEmployee.swift */ = {isa = PBXFileReference; lastKnownFileType = sourcecode.swift; path = ProfileSetupViewEmployee.swift; sourceTree = "<group>"; };
		BE5E4FEF2C1CC8B100D36578 /* ProfileSearchSettings.swift */ = {isa = PBXFileReference; lastKnownFileType = sourcecode.swift; path = ProfileSearchSettings.swift; sourceTree = "<group>"; };
		BE5E4FF12C1E371800D36578 /* TechnicalsEmployee.swift */ = {isa = PBXFileReference; lastKnownFileType = sourcecode.swift; path = TechnicalsEmployee.swift; sourceTree = "<group>"; };
		BE5E4FF32C1E441E00D36578 /* HonestyStatement.swift */ = {isa = PBXFileReference; lastKnownFileType = sourcecode.swift; path = HonestyStatement.swift; sourceTree = "<group>"; };
		BE5E4FF52C1E485200D36578 /* SoftSkills.swift */ = {isa = PBXFileReference; lastKnownFileType = sourcecode.swift; path = SoftSkills.swift; sourceTree = "<group>"; };
		BE5E4FF72C1E4F4E00D36578 /* welcomeView.swift */ = {isa = PBXFileReference; lastKnownFileType = sourcecode.swift; path = welcomeView.swift; sourceTree = "<group>"; };
		BE5E4FF92C24A1F200D36578 /* WorkEnviornment.swift */ = {isa = PBXFileReference; lastKnownFileType = sourcecode.swift; path = WorkEnviornment.swift; sourceTree = "<group>"; };
		BE5E4FFB2C24A41600D36578 /* Hobbies.swift */ = {isa = PBXFileReference; lastKnownFileType = sourcecode.swift; path = Hobbies.swift; sourceTree = "<group>"; };
		BE5E4FFD2C24A73800D36578 /* ProfileConfirmation.swift */ = {isa = PBXFileReference; lastKnownFileType = sourcecode.swift; path = ProfileConfirmation.swift; sourceTree = "<group>"; };
		BE5E4FFF2C24D17000D36578 /* newposition.swift */ = {isa = PBXFileReference; lastKnownFileType = sourcecode.swift; path = newposition.swift; sourceTree = "<group>"; };
		BE5E50032C26071100D36578 /* searchsettings.swift */ = {isa = PBXFileReference; lastKnownFileType = sourcecode.swift; path = searchsettings.swift; sourceTree = "<group>"; };
		BE5E50052C2608FD00D36578 /* DesiredTechnicals.swift */ = {isa = PBXFileReference; lastKnownFileType = sourcecode.swift; path = DesiredTechnicals.swift; sourceTree = "<group>"; };
		BE5E50092C26093200D36578 /* honestyemployer.swift */ = {isa = PBXFileReference; lastKnownFileType = sourcecode.swift; path = honestyemployer.swift; sourceTree = "<group>"; };
		BE5E500B2C26093D00D36578 /* enviornmentemployer.swift */ = {isa = PBXFileReference; lastKnownFileType = sourcecode.swift; path = enviornmentemployer.swift; sourceTree = "<group>"; };
		BE5E500D2C26094500D36578 /* softskillsemployer.swift */ = {isa = PBXFileReference; lastKnownFileType = sourcecode.swift; path = softskillsemployer.swift; sourceTree = "<group>"; };
		BE5E500F2C26094F00D36578 /* hobbiesemployer.swift */ = {isa = PBXFileReference; lastKnownFileType = sourcecode.swift; path = hobbiesemployer.swift; sourceTree = "<group>"; };
		BE5E50112C2644FA00D36578 /* EditProfile.swift */ = {isa = PBXFileReference; lastKnownFileType = sourcecode.swift; path = EditProfile.swift; sourceTree = "<group>"; };
		BE5E50132C26488600D36578 /* EditProfileEmployer.swift */ = {isa = PBXFileReference; lastKnownFileType = sourcecode.swift; path = EditProfileEmployer.swift; sourceTree = "<group>"; };
		BE5E501C2C2E1FD800D36578 /* GoogleService-Info.plist */ = {isa = PBXFileReference; fileEncoding = 4; lastKnownFileType = text.plist.xml; path = "GoogleService-Info.plist"; sourceTree = "<group>"; };
		BE5E50262C331DAC00D36578 /* Peeking.entitlements */ = {isa = PBXFileReference; lastKnownFileType = text.plist.entitlements; path = Peeking.entitlements; sourceTree = "<group>"; };
		BE5E50272C33218500D36578 /* Info.plist */ = {isa = PBXFileReference; lastKnownFileType = text.plist; path = Info.plist; sourceTree = "<group>"; };
		BE5E502C2C33264A00D36578 /* firstView.swift */ = {isa = PBXFileReference; lastKnownFileType = sourcecode.swift; path = firstView.swift; sourceTree = "<group>"; };
		BE60298C2C13603B00B3C080 /* Peeking.app */ = {isa = PBXFileReference; explicitFileType = wrapper.application; includeInIndex = 0; path = Peeking.app; sourceTree = BUILT_PRODUCTS_DIR; };
		BE60298F2C13603B00B3C080 /* PeekingApp.swift */ = {isa = PBXFileReference; lastKnownFileType = sourcecode.swift; path = PeekingApp.swift; sourceTree = "<group>"; };
		BE6029912C13603B00B3C080 /* ContentView.swift */ = {isa = PBXFileReference; lastKnownFileType = sourcecode.swift; path = ContentView.swift; sourceTree = "<group>"; };
		BE6029932C13603C00B3C080 /* Assets.xcassets */ = {isa = PBXFileReference; lastKnownFileType = folder.assetcatalog; path = Assets.xcassets; sourceTree = "<group>"; };
		BE6029962C13603C00B3C080 /* Preview Assets.xcassets */ = {isa = PBXFileReference; lastKnownFileType = folder.assetcatalog; path = "Preview Assets.xcassets"; sourceTree = "<group>"; };
		BE60299C2C13603C00B3C080 /* PeekingTests.xctest */ = {isa = PBXFileReference; explicitFileType = wrapper.cfbundle; includeInIndex = 0; path = PeekingTests.xctest; sourceTree = BUILT_PRODUCTS_DIR; };
		BE6029A02C13603C00B3C080 /* PeekingTests.swift */ = {isa = PBXFileReference; lastKnownFileType = sourcecode.swift; path = PeekingTests.swift; sourceTree = "<group>"; };
		BE6029A62C13603C00B3C080 /* PeekingUITests.xctest */ = {isa = PBXFileReference; explicitFileType = wrapper.cfbundle; includeInIndex = 0; path = PeekingUITests.xctest; sourceTree = BUILT_PRODUCTS_DIR; };
		BE6029AA2C13603C00B3C080 /* PeekingUITests.swift */ = {isa = PBXFileReference; lastKnownFileType = sourcecode.swift; path = PeekingUITests.swift; sourceTree = "<group>"; };
		BE6029AC2C13603C00B3C080 /* PeekingUITestsLaunchTests.swift */ = {isa = PBXFileReference; lastKnownFileType = sourcecode.swift; path = PeekingUITestsLaunchTests.swift; sourceTree = "<group>"; };
		BE6029C32C136B6A00B3C080 /* BackgroundView.swift */ = {isa = PBXFileReference; lastKnownFileType = sourcecode.swift; path = BackgroundView.swift; sourceTree = "<group>"; };
		BE6029CE2C13963400B3C080 /* MainView.swift */ = {isa = PBXFileReference; lastKnownFileType = sourcecode.swift; path = MainView.swift; sourceTree = "<group>"; };
		BE6029D12C13966D00B3C080 /* LikedView.swift */ = {isa = PBXFileReference; lastKnownFileType = sourcecode.swift; path = LikedView.swift; sourceTree = "<group>"; };
		BE6029D62C1396C500B3C080 /* HistoryView.swift */ = {isa = PBXFileReference; lastKnownFileType = sourcecode.swift; path = HistoryView.swift; sourceTree = "<group>"; };
		BE6029D82C1396D800B3C080 /* CustomAlertView.swift */ = {isa = PBXFileReference; lastKnownFileType = sourcecode.swift; path = CustomAlertView.swift; sourceTree = "<group>"; };
		BE6029DA2C1396F300B3C080 /* MessagesView.swift */ = {isa = PBXFileReference; lastKnownFileType = sourcecode.swift; path = MessagesView.swift; sourceTree = "<group>"; };
		BE6029DD2C13971400B3C080 /* ProfileViewEmployer.swift */ = {isa = PBXFileReference; lastKnownFileType = sourcecode.swift; path = ProfileViewEmployer.swift; sourceTree = "<group>"; };
		BE6029E02C13974900B3C080 /* EmployerTiersView.swift */ = {isa = PBXFileReference; lastKnownFileType = sourcecode.swift; path = EmployerTiersView.swift; sourceTree = "<group>"; };
		BE6029E22C13975C00B3C080 /* EmployeeTierView.swift */ = {isa = PBXFileReference; lastKnownFileType = sourcecode.swift; path = EmployeeTierView.swift; sourceTree = "<group>"; };
		BE6029E42C16363D00B3C080 /* SettingsView.swift */ = {isa = PBXFileReference; lastKnownFileType = sourcecode.swift; path = SettingsView.swift; sourceTree = "<group>"; };
		BE6029E62C16364400B3C080 /* TipsView.swift */ = {isa = PBXFileReference; lastKnownFileType = sourcecode.swift; path = TipsView.swift; sourceTree = "<group>"; };
		BE6029E82C17648400B3C080 /* ProfileViewEmployee.swift */ = {isa = PBXFileReference; lastKnownFileType = sourcecode.swift; path = ProfileViewEmployee.swift; sourceTree = "<group>"; };
		BE6029EA2C19069700B3C080 /* ToggleView.swift */ = {isa = PBXFileReference; lastKnownFileType = sourcecode.swift; path = ToggleView.swift; sourceTree = "<group>"; };
		BE77FACC2C498A8900D7F3D0 /* ProfileCardView.swift */ = {isa = PBXFileReference; lastKnownFileType = sourcecode.swift; path = ProfileCardView.swift; sourceTree = "<group>"; };
		BE77FACE2C498B5F00D7F3D0 /* ProfileConfirmationEmployer.swift */ = {isa = PBXFileReference; lastKnownFileType = sourcecode.swift; path = ProfileConfirmationEmployer.swift; sourceTree = "<group>"; };
		BE77FAD02C4B077900D7F3D0 /* ProfileActionButtons.swift */ = {isa = PBXFileReference; lastKnownFileType = sourcecode.swift; path = ProfileActionButtons.swift; sourceTree = "<group>"; };
		BE77FAD42C4C6A7000D7F3D0 /* ProfileCardViewEmployer.swift */ = {isa = PBXFileReference; lastKnownFileType = sourcecode.swift; path = ProfileCardViewEmployer.swift; sourceTree = "<group>"; };
		BE8AF5832C4DC14000C1D59B /* StorageManager.swift */ = {isa = PBXFileReference; lastKnownFileType = sourcecode.swift; path = StorageManager.swift; sourceTree = "<group>"; };
		BEAC5C742C71572F00C1FE31 /* LikeHistoryItemView.swift */ = {isa = PBXFileReference; lastKnownFileType = sourcecode.swift; path = LikeHistoryItemView.swift; sourceTree = "<group>"; };
		BEAC5C762C74147C00C1FE31 /* testfile.swift */ = {isa = PBXFileReference; lastKnownFileType = sourcecode.swift; path = testfile.swift; sourceTree = "<group>"; };
		BEAC5C782C77EB7A00C1FE31 /* ProfileShare.swift */ = {isa = PBXFileReference; lastKnownFileType = sourcecode.swift; path = ProfileShare.swift; sourceTree = "<group>"; };
		BEAC5C7F2C795E0600C1FE31 /* StoreKit.framework */ = {isa = PBXFileReference; lastKnownFileType = wrapper.framework; name = StoreKit.framework; path = System/Library/Frameworks/StoreKit.framework; sourceTree = SDKROOT; };
		BEE0CE662C3C4C4600542876 /* ReauthenticationView.swift */ = {isa = PBXFileReference; lastKnownFileType = sourcecode.swift; path = ReauthenticationView.swift; sourceTree = "<group>"; };
		BEE0CE682C3C864E00542876 /* AppViewModel.swift */ = {isa = PBXFileReference; lastKnownFileType = sourcecode.swift; path = AppViewModel.swift; sourceTree = "<group>"; };
		BEE502512C33394B00B6175B /* PhoneAuthView.swift */ = {isa = PBXFileReference; lastKnownFileType = sourcecode.swift; path = PhoneAuthView.swift; sourceTree = "<group>"; };
		BEE5026E2C39D59300B6175B /* LoadingView.swift */ = {isa = PBXFileReference; lastKnownFileType = sourcecode.swift; path = LoadingView.swift; sourceTree = "<group>"; };
		BEE502712C3B293E00B6175B /* AuhenticationManager.swift */ = {isa = PBXFileReference; lastKnownFileType = sourcecode.swift; path = AuhenticationManager.swift; sourceTree = "<group>"; };
		BEE502732C3B2A5B00B6175B /* SignInAppleHelper.swift */ = {isa = PBXFileReference; lastKnownFileType = sourcecode.swift; path = SignInAppleHelper.swift; sourceTree = "<group>"; };
		BEE502752C3B2A8F00B6175B /* Utilities.swift */ = {isa = PBXFileReference; lastKnownFileType = sourcecode.swift; path = Utilities.swift; sourceTree = "<group>"; };
		BEE502772C3B2C8400B6175B /* SignInWithPhoneHelper.swift */ = {isa = PBXFileReference; lastKnownFileType = sourcecode.swift; path = SignInWithPhoneHelper.swift; sourceTree = "<group>"; };
		BEE502792C3B34A500B6175B /* AuthenticationViewModel.swift */ = {isa = PBXFileReference; lastKnownFileType = sourcecode.swift; path = AuthenticationViewModel.swift; sourceTree = "<group>"; };
		BEE5027B2C3B380500B6175B /* UserManager.swift */ = {isa = PBXFileReference; lastKnownFileType = sourcecode.swift; path = UserManager.swift; sourceTree = "<group>"; };
		BEE51D8D2C5AF03D0054ED64 /* APIClient.swift */ = {isa = PBXFileReference; lastKnownFileType = sourcecode.swift; path = APIClient.swift; sourceTree = "<group>"; };
		BEFCA0262C432F0900A6C120 /* ProfileUpdater.swift */ = {isa = PBXFileReference; lastKnownFileType = sourcecode.swift; path = ProfileUpdater.swift; sourceTree = "<group>"; };
		BEFCA0282C485DCF00A6C120 /* ProfileUpdaterEmployer.swift */ = {isa = PBXFileReference; lastKnownFileType = sourcecode.swift; path = ProfileUpdaterEmployer.swift; sourceTree = "<group>"; };
/* End PBXFileReference section */

/* Begin PBXFrameworksBuildPhase section */
		BE6029892C13603B00B3C080 /* Frameworks */ = {
			isa = PBXFrameworksBuildPhase;
			buildActionMask = 2147483647;
			files = (
				BEE5025C2C3872F300B6175B /* FirebaseFirestoreSwift in Frameworks */,
				BE5E50222C2E213400D36578 /* FirebaseAnalyticsSwift in Frameworks */,
				BEE5025A2C3872F300B6175B /* FirebaseFirestore in Frameworks */,
				BEAC5C732C6AD54700C1FE31 /* SwiftUIPager in Frameworks */,
				BEAC5C7C2C795DE000C1FE31 /* RevenueCat in Frameworks */,
				BEAC5C7E2C795DE000C1FE31 /* RevenueCatUI in Frameworks */,
				BE5E50252C3319AB00D36578 /* FirebaseAuth in Frameworks */,
				BEAC5C802C795E0600C1FE31 /* StoreKit.framework in Frameworks */,
				BE5E50202C2E213400D36578 /* FirebaseAnalytics in Frameworks */,
				BE8AF5812C4D919800C1D59B /* FirebaseStorage in Frameworks */,
			);
			runOnlyForDeploymentPostprocessing = 0;
		};
		BE6029992C13603C00B3C080 /* Frameworks */ = {
			isa = PBXFrameworksBuildPhase;
			buildActionMask = 2147483647;
			files = (
			);
			runOnlyForDeploymentPostprocessing = 0;
		};
		BE6029A32C13603C00B3C080 /* Frameworks */ = {
			isa = PBXFrameworksBuildPhase;
			buildActionMask = 2147483647;
			files = (
			);
			runOnlyForDeploymentPostprocessing = 0;
		};
/* End PBXFrameworksBuildPhase section */

/* Begin PBXGroup section */
		BE5E4FE22C1CA06600D36578 /* Start */ = {
			isa = PBXGroup;
			children = (
				BE5E4FE92C1CAF1600D36578 /* Real Start */,
				BE5E4FE82C1CAF0F00D36578 /* Employee */,
				BE5E4FE72C1CAF0700D36578 /* Employer */,
			);
			path = Start;
			sourceTree = "<group>";
		};
		BE5E4FE72C1CAF0700D36578 /* Employer */ = {
			isa = PBXGroup;
			children = (
				BE5E4FEA2C1CAF2F00D36578 /* Invite */,
				BE5E4FEB2C1CAF4100D36578 /* ProfileSetupViewEmployer.swift */,
				BE5E4FFF2C24D17000D36578 /* newposition.swift */,
				BE5E50032C26071100D36578 /* searchsettings.swift */,
				BE5E50052C2608FD00D36578 /* DesiredTechnicals.swift */,
				BE5E50092C26093200D36578 /* honestyemployer.swift */,
				BE5E500B2C26093D00D36578 /* enviornmentemployer.swift */,
				BE5E500D2C26094500D36578 /* softskillsemployer.swift */,
				BE5E500F2C26094F00D36578 /* hobbiesemployer.swift */,
				BE77FACE2C498B5F00D7F3D0 /* ProfileConfirmationEmployer.swift */,
			);
			path = Employer;
			sourceTree = "<group>";
		};
		BE5E4FE82C1CAF0F00D36578 /* Employee */ = {
			isa = PBXGroup;
			children = (
				BE5E4FED2C1CAF5900D36578 /* ProfileSetupViewEmployee.swift */,
				BE5E4FEF2C1CC8B100D36578 /* ProfileSearchSettings.swift */,
				BE5E4FF12C1E371800D36578 /* TechnicalsEmployee.swift */,
				BE5E4FF32C1E441E00D36578 /* HonestyStatement.swift */,
				BE5E4FF52C1E485200D36578 /* SoftSkills.swift */,
				BE5E4FF92C24A1F200D36578 /* WorkEnviornment.swift */,
				BE5E4FFB2C24A41600D36578 /* Hobbies.swift */,
				BE5E4FFD2C24A73800D36578 /* ProfileConfirmation.swift */,
			);
			path = Employee;
			sourceTree = "<group>";
		};
		BE5E4FE92C1CAF1600D36578 /* Real Start */ = {
			isa = PBXGroup;
			children = (
				BE5E4FF72C1E4F4E00D36578 /* welcomeView.swift */,
				BE5E502C2C33264A00D36578 /* firstView.swift */,
				BEE502512C33394B00B6175B /* PhoneAuthView.swift */,
			);
			path = "Real Start";
			sourceTree = "<group>";
		};
		BE5E4FEA2C1CAF2F00D36578 /* Invite */ = {
			isa = PBXGroup;
			children = (
			);
			path = Invite;
			sourceTree = "<group>";
		};
		BE5E50232C3319AB00D36578 /* Frameworks */ = {
			isa = PBXGroup;
			children = (
				BEAC5C7F2C795E0600C1FE31 /* StoreKit.framework */,
			);
			name = Frameworks;
			sourceTree = "<group>";
		};
		BE6029832C13603B00B3C080 = {
			isa = PBXGroup;
			children = (
				BE60298E2C13603B00B3C080 /* Peeking */,
				BE5E501C2C2E1FD800D36578 /* GoogleService-Info.plist */,
				BE60299F2C13603C00B3C080 /* PeekingTests */,
				BE6029A92C13603C00B3C080 /* PeekingUITests */,
				BE60298D2C13603B00B3C080 /* Products */,
				BE5E50232C3319AB00D36578 /* Frameworks */,
			);
			sourceTree = "<group>";
		};
		BE60298D2C13603B00B3C080 /* Products */ = {
			isa = PBXGroup;
			children = (
				BE60298C2C13603B00B3C080 /* Peeking.app */,
				BE60299C2C13603C00B3C080 /* PeekingTests.xctest */,
				BE6029A62C13603C00B3C080 /* PeekingUITests.xctest */,
			);
			name = Products;
			sourceTree = "<group>";
		};
		BE60298E2C13603B00B3C080 /* Peeking */ = {
			isa = PBXGroup;
			children = (
				BE5E50272C33218500D36578 /* Info.plist */,
				BE5E50262C331DAC00D36578 /* Peeking.entitlements */,
				BE60298F2C13603B00B3C080 /* PeekingApp.swift */,
				BE5E4FE22C1CA06600D36578 /* Start */,
				BE6029CD2C13951400B3C080 /* Main Pages */,
				BE6029DF2C13972E00B3C080 /* Tiers */,
				BE6029912C13603B00B3C080 /* ContentView.swift */,
				BE6029C32C136B6A00B3C080 /* BackgroundView.swift */,
				BEE502702C3B291500B6175B /* Authentication */,
				BEE502632C39A2BF00B6175B /* FireStore */,
				BE8AF5822C4DC12E00C1D59B /* Storage */,
				BEE51D8C2C5AF0280054ED64 /* Server */,
				BE6029932C13603C00B3C080 /* Assets.xcassets */,
				BE6029952C13603C00B3C080 /* Preview Content */,
				BEE5026E2C39D59300B6175B /* LoadingView.swift */,
				BEE502752C3B2A8F00B6175B /* Utilities.swift */,
				BEAC5C762C74147C00C1FE31 /* testfile.swift */,
				BEAC5C782C77EB7A00C1FE31 /* ProfileShare.swift */,
			);
			path = Peeking;
			sourceTree = "<group>";
		};
		BE6029952C13603C00B3C080 /* Preview Content */ = {
			isa = PBXGroup;
			children = (
				BE6029962C13603C00B3C080 /* Preview Assets.xcassets */,
			);
			path = "Preview Content";
			sourceTree = "<group>";
		};
		BE60299F2C13603C00B3C080 /* PeekingTests */ = {
			isa = PBXGroup;
			children = (
				BE6029A02C13603C00B3C080 /* PeekingTests.swift */,
			);
			path = PeekingTests;
			sourceTree = "<group>";
		};
		BE6029A92C13603C00B3C080 /* PeekingUITests */ = {
			isa = PBXGroup;
			children = (
				BE6029AA2C13603C00B3C080 /* PeekingUITests.swift */,
				BE6029AC2C13603C00B3C080 /* PeekingUITestsLaunchTests.swift */,
			);
			path = PeekingUITests;
			sourceTree = "<group>";
		};
		BE6029CD2C13951400B3C080 /* Main Pages */ = {
			isa = PBXGroup;
			children = (
				BEFCA02A2C49873C00A6C120 /* Swiping */,
				BE6029CE2C13963400B3C080 /* MainView.swift */,
				BE6029EA2C19069700B3C080 /* ToggleView.swift */,
				BE5E4FE02C1B769500D36578 /* ToggleViewEmployer.swift */,
				BE6029D02C13966000B3C080 /* LikedMe */,
				BE6029D52C1396AE00B3C080 /* LikedHistory */,
				BE6029DA2C1396F300B3C080 /* MessagesView.swift */,
				BE6029DC2C13970100B3C080 /* Profile */,
				BE0A08942C51B6E800D5D102 /* LocationView.swift */,
			);
			path = "Main Pages";
			sourceTree = "<group>";
		};
		BE6029D02C13966000B3C080 /* LikedMe */ = {
			isa = PBXGroup;
			children = (
				BE6029D12C13966D00B3C080 /* LikedView.swift */,
			);
			path = LikedMe;
			sourceTree = "<group>";
		};
		BE6029D52C1396AE00B3C080 /* LikedHistory */ = {
			isa = PBXGroup;
			children = (
				BE6029D62C1396C500B3C080 /* HistoryView.swift */,
				BE6029D82C1396D800B3C080 /* CustomAlertView.swift */,
				BEAC5C742C71572F00C1FE31 /* LikeHistoryItemView.swift */,
			);
			path = LikedHistory;
			sourceTree = "<group>";
		};
		BE6029DC2C13970100B3C080 /* Profile */ = {
			isa = PBXGroup;
			children = (
				BE6029DD2C13971400B3C080 /* ProfileViewEmployer.swift */,
				BE6029E42C16363D00B3C080 /* SettingsView.swift */,
				BE6029E62C16364400B3C080 /* TipsView.swift */,
				BE6029E82C17648400B3C080 /* ProfileViewEmployee.swift */,
				BE5E50112C2644FA00D36578 /* EditProfile.swift */,
				BE5E50132C26488600D36578 /* EditProfileEmployer.swift */,
			);
			path = Profile;
			sourceTree = "<group>";
		};
		BE6029DF2C13972E00B3C080 /* Tiers */ = {
			isa = PBXGroup;
			children = (
				BE6029E02C13974900B3C080 /* EmployerTiersView.swift */,
				BE6029E22C13975C00B3C080 /* EmployeeTierView.swift */,
			);
			path = Tiers;
			sourceTree = "<group>";
		};
		BE8AF5822C4DC12E00C1D59B /* Storage */ = {
			isa = PBXGroup;
			children = (
				BE8AF5832C4DC14000C1D59B /* StorageManager.swift */,
			);
			path = Storage;
			sourceTree = "<group>";
		};
		BEE502632C39A2BF00B6175B /* FireStore */ = {
			isa = PBXGroup;
			children = (
				BEE5027B2C3B380500B6175B /* UserManager.swift */,
				BEE0CE682C3C864E00542876 /* AppViewModel.swift */,
				BEFCA0262C432F0900A6C120 /* ProfileUpdater.swift */,
				BEFCA0282C485DCF00A6C120 /* ProfileUpdaterEmployer.swift */,
			);
			path = FireStore;
			sourceTree = "<group>";
		};
		BEE502702C3B291500B6175B /* Authentication */ = {
			isa = PBXGroup;
			children = (
				BEE502712C3B293E00B6175B /* AuhenticationManager.swift */,
				BEE502732C3B2A5B00B6175B /* SignInAppleHelper.swift */,
				BEE502772C3B2C8400B6175B /* SignInWithPhoneHelper.swift */,
				BEE502792C3B34A500B6175B /* AuthenticationViewModel.swift */,
				BEE0CE662C3C4C4600542876 /* ReauthenticationView.swift */,
			);
			path = Authentication;
			sourceTree = "<group>";
		};
		BEE51D8C2C5AF0280054ED64 /* Server */ = {
			isa = PBXGroup;
			children = (
				BEE51D8D2C5AF03D0054ED64 /* APIClient.swift */,
			);
			path = Server;
			sourceTree = "<group>";
		};
		BEFCA02A2C49873C00A6C120 /* Swiping */ = {
			isa = PBXGroup;
			children = (
				BE77FACC2C498A8900D7F3D0 /* ProfileCardView.swift */,
				BE77FAD02C4B077900D7F3D0 /* ProfileActionButtons.swift */,
				BE77FAD42C4C6A7000D7F3D0 /* ProfileCardViewEmployer.swift */,
			);
			path = Swiping;
			sourceTree = "<group>";
		};
/* End PBXGroup section */

/* Begin PBXNativeTarget section */
		BE60298B2C13603B00B3C080 /* Peeking */ = {
			isa = PBXNativeTarget;
			buildConfigurationList = BE6029B02C13603C00B3C080 /* Build configuration list for PBXNativeTarget "Peeking" */;
			buildPhases = (
				BE6029882C13603B00B3C080 /* Sources */,
				BE6029892C13603B00B3C080 /* Frameworks */,
				BE60298A2C13603B00B3C080 /* Resources */,
			);
			buildRules = (
			);
			dependencies = (
			);
			name = Peeking;
			packageProductDependencies = (
				BE5E501F2C2E213400D36578 /* FirebaseAnalytics */,
				BE5E50212C2E213400D36578 /* FirebaseAnalyticsSwift */,
				BE5E50242C3319AB00D36578 /* FirebaseAuth */,
				BEE502592C3872F300B6175B /* FirebaseFirestore */,
				BEE5025B2C3872F300B6175B /* FirebaseFirestoreSwift */,
				BE8AF5802C4D919800C1D59B /* FirebaseStorage */,
				BEAC5C722C6AD54700C1FE31 /* SwiftUIPager */,
				BEAC5C7B2C795DE000C1FE31 /* RevenueCat */,
				BEAC5C7D2C795DE000C1FE31 /* RevenueCatUI */,
			);
			productName = Peeking;
			productReference = BE60298C2C13603B00B3C080 /* Peeking.app */;
			productType = "com.apple.product-type.application";
		};
		BE60299B2C13603C00B3C080 /* PeekingTests */ = {
			isa = PBXNativeTarget;
			buildConfigurationList = BE6029B32C13603C00B3C080 /* Build configuration list for PBXNativeTarget "PeekingTests" */;
			buildPhases = (
				BE6029982C13603C00B3C080 /* Sources */,
				BE6029992C13603C00B3C080 /* Frameworks */,
				BE60299A2C13603C00B3C080 /* Resources */,
			);
			buildRules = (
			);
			dependencies = (
				BE60299E2C13603C00B3C080 /* PBXTargetDependency */,
			);
			name = PeekingTests;
			productName = PeekingTests;
			productReference = BE60299C2C13603C00B3C080 /* PeekingTests.xctest */;
			productType = "com.apple.product-type.bundle.unit-test";
		};
		BE6029A52C13603C00B3C080 /* PeekingUITests */ = {
			isa = PBXNativeTarget;
			buildConfigurationList = BE6029B62C13603C00B3C080 /* Build configuration list for PBXNativeTarget "PeekingUITests" */;
			buildPhases = (
				BE6029A22C13603C00B3C080 /* Sources */,
				BE6029A32C13603C00B3C080 /* Frameworks */,
				BE6029A42C13603C00B3C080 /* Resources */,
			);
			buildRules = (
			);
			dependencies = (
				BE6029A82C13603C00B3C080 /* PBXTargetDependency */,
			);
			name = PeekingUITests;
			productName = PeekingUITests;
			productReference = BE6029A62C13603C00B3C080 /* PeekingUITests.xctest */;
			productType = "com.apple.product-type.bundle.ui-testing";
		};
/* End PBXNativeTarget section */

/* Begin PBXProject section */
		BE6029842C13603B00B3C080 /* Project object */ = {
			isa = PBXProject;
			attributes = {
				BuildIndependentTargetsInParallel = 1;
				LastSwiftUpdateCheck = 1540;
				LastUpgradeCheck = 1540;
				TargetAttributes = {
					BE60298B2C13603B00B3C080 = {
						CreatedOnToolsVersion = 15.4;
					};
					BE60299B2C13603C00B3C080 = {
						CreatedOnToolsVersion = 15.4;
						TestTargetID = BE60298B2C13603B00B3C080;
					};
					BE6029A52C13603C00B3C080 = {
						CreatedOnToolsVersion = 15.4;
						TestTargetID = BE60298B2C13603B00B3C080;
					};
				};
			};
			buildConfigurationList = BE6029872C13603B00B3C080 /* Build configuration list for PBXProject "Peeking" */;
			compatibilityVersion = "Xcode 14.0";
			developmentRegion = en;
			hasScannedForEncodings = 0;
			knownRegions = (
				en,
				Base,
			);
			mainGroup = BE6029832C13603B00B3C080;
			packageReferences = (
				BE5E501E2C2E213400D36578 /* XCRemoteSwiftPackageReference "firebase-ios-sdk" */,
				BEAC5C712C6AD50D00C1FE31 /* XCRemoteSwiftPackageReference "SwiftUIPager" */,
				BEAC5C7A2C795DE000C1FE31 /* XCRemoteSwiftPackageReference "purchases-ios-spm" */,
			);
			productRefGroup = BE60298D2C13603B00B3C080 /* Products */;
			projectDirPath = "";
			projectRoot = "";
			targets = (
				BE60298B2C13603B00B3C080 /* Peeking */,
				BE60299B2C13603C00B3C080 /* PeekingTests */,
				BE6029A52C13603C00B3C080 /* PeekingUITests */,
			);
		};
/* End PBXProject section */

/* Begin PBXResourcesBuildPhase section */
		BE60298A2C13603B00B3C080 /* Resources */ = {
			isa = PBXResourcesBuildPhase;
			buildActionMask = 2147483647;
			files = (
				BE6029972C13603C00B3C080 /* Preview Assets.xcassets in Resources */,
				BE6029942C13603C00B3C080 /* Assets.xcassets in Resources */,
				BE5E501D2C2E1FD800D36578 /* GoogleService-Info.plist in Resources */,
			);
			runOnlyForDeploymentPostprocessing = 0;
		};
		BE60299A2C13603C00B3C080 /* Resources */ = {
			isa = PBXResourcesBuildPhase;
			buildActionMask = 2147483647;
			files = (
			);
			runOnlyForDeploymentPostprocessing = 0;
		};
		BE6029A42C13603C00B3C080 /* Resources */ = {
			isa = PBXResourcesBuildPhase;
			buildActionMask = 2147483647;
			files = (
			);
			runOnlyForDeploymentPostprocessing = 0;
		};
/* End PBXResourcesBuildPhase section */

/* Begin PBXSourcesBuildPhase section */
		BE6029882C13603B00B3C080 /* Sources */ = {
			isa = PBXSourcesBuildPhase;
			buildActionMask = 2147483647;
			files = (
				BE5E50142C26488600D36578 /* EditProfileEmployer.swift in Sources */,
				BE5E4FF42C1E441E00D36578 /* HonestyStatement.swift in Sources */,
				BE6029922C13603B00B3C080 /* ContentView.swift in Sources */,
				BE5E500A2C26093200D36578 /* honestyemployer.swift in Sources */,
				BEE502782C3B2C8400B6175B /* SignInWithPhoneHelper.swift in Sources */,
				BEFCA0272C432F0900A6C120 /* ProfileUpdater.swift in Sources */,
				BE6029DE2C13971400B3C080 /* ProfileViewEmployer.swift in Sources */,
				BEE502762C3B2A8F00B6175B /* Utilities.swift in Sources */,
				BE5E502D2C33264A00D36578 /* firstView.swift in Sources */,
				BEE5026F2C39D59300B6175B /* LoadingView.swift in Sources */,
				BEE0CE692C3C864E00542876 /* AppViewModel.swift in Sources */,
				BE5E50002C24D17000D36578 /* newposition.swift in Sources */,
				BE6029D92C1396D800B3C080 /* CustomAlertView.swift in Sources */,
				BE5E4FFC2C24A41600D36578 /* Hobbies.swift in Sources */,
				BE6029E72C16364400B3C080 /* TipsView.swift in Sources */,
				BE5E50042C26071100D36578 /* searchsettings.swift in Sources */,
				BE0A08952C51B6E800D5D102 /* LocationView.swift in Sources */,
				BEAC5C792C77EB7A00C1FE31 /* ProfileShare.swift in Sources */,
				BE5E4FF22C1E371800D36578 /* TechnicalsEmployee.swift in Sources */,
				BE6029D22C13966D00B3C080 /* LikedView.swift in Sources */,
				BE5E500E2C26094500D36578 /* softskillsemployer.swift in Sources */,
				BEE5027C2C3B380500B6175B /* UserManager.swift in Sources */,
				BE8AF5842C4DC14000C1D59B /* StorageManager.swift in Sources */,
				BE5E4FEC2C1CAF4100D36578 /* ProfileSetupViewEmployer.swift in Sources */,
				BE6029CF2C13963400B3C080 /* MainView.swift in Sources */,
				BE6029D72C1396C500B3C080 /* HistoryView.swift in Sources */,
				BE5E4FEE2C1CAF5900D36578 /* ProfileSetupViewEmployee.swift in Sources */,
				BE5E4FFA2C24A1F200D36578 /* WorkEnviornment.swift in Sources */,
				BEE5027A2C3B34A500B6175B /* AuthenticationViewModel.swift in Sources */,
				BEE502742C3B2A5B00B6175B /* SignInAppleHelper.swift in Sources */,
				BE6029EB2C19069700B3C080 /* ToggleView.swift in Sources */,
				BE6029E92C17648500B3C080 /* ProfileViewEmployee.swift in Sources */,
				BE77FACD2C498A8900D7F3D0 /* ProfileCardView.swift in Sources */,
				BE77FAD12C4B077900D7F3D0 /* ProfileActionButtons.swift in Sources */,
				BE6029C42C136B6A00B3C080 /* BackgroundView.swift in Sources */,
				BE77FAD52C4C6A7000D7F3D0 /* ProfileCardViewEmployer.swift in Sources */,
				BE5E4FE12C1B769600D36578 /* ToggleViewEmployer.swift in Sources */,
				BEAC5C772C74147C00C1FE31 /* testfile.swift in Sources */,
				BE5E50062C2608FD00D36578 /* DesiredTechnicals.swift in Sources */,
				BE5E500C2C26093D00D36578 /* enviornmentemployer.swift in Sources */,
				BE5E4FF02C1CC8B100D36578 /* ProfileSearchSettings.swift in Sources */,
				BEAC5C752C71572F00C1FE31 /* LikeHistoryItemView.swift in Sources */,
				BEFCA0292C485DCF00A6C120 /* ProfileUpdaterEmployer.swift in Sources */,
				BEE502722C3B293E00B6175B /* AuhenticationManager.swift in Sources */,
				BE6029E32C13975C00B3C080 /* EmployeeTierView.swift in Sources */,
				BEE51D8E2C5AF03D0054ED64 /* APIClient.swift in Sources */,
				BE6029E12C13974900B3C080 /* EmployerTiersView.swift in Sources */,
				BE5E50102C26094F00D36578 /* hobbiesemployer.swift in Sources */,
				BEE0CE672C3C4C4600542876 /* ReauthenticationView.swift in Sources */,
				BE6029DB2C1396F300B3C080 /* MessagesView.swift in Sources */,
				BE5E4FF82C1E4F4E00D36578 /* welcomeView.swift in Sources */,
				BE5E4FFE2C24A73800D36578 /* ProfileConfirmation.swift in Sources */,
				BE6029902C13603B00B3C080 /* PeekingApp.swift in Sources */,
				BE6029E52C16363D00B3C080 /* SettingsView.swift in Sources */,
				BE77FACF2C498B5F00D7F3D0 /* ProfileConfirmationEmployer.swift in Sources */,
				BE5E50122C2644FA00D36578 /* EditProfile.swift in Sources */,
				BE5E4FF62C1E485200D36578 /* SoftSkills.swift in Sources */,
				BEE502522C33394B00B6175B /* PhoneAuthView.swift in Sources */,
			);
			runOnlyForDeploymentPostprocessing = 0;
		};
		BE6029982C13603C00B3C080 /* Sources */ = {
			isa = PBXSourcesBuildPhase;
			buildActionMask = 2147483647;
			files = (
				BE6029A12C13603C00B3C080 /* PeekingTests.swift in Sources */,
			);
			runOnlyForDeploymentPostprocessing = 0;
		};
		BE6029A22C13603C00B3C080 /* Sources */ = {
			isa = PBXSourcesBuildPhase;
			buildActionMask = 2147483647;
			files = (
				BE6029AD2C13603C00B3C080 /* PeekingUITestsLaunchTests.swift in Sources */,
				BE6029AB2C13603C00B3C080 /* PeekingUITests.swift in Sources */,
			);
			runOnlyForDeploymentPostprocessing = 0;
		};
/* End PBXSourcesBuildPhase section */

/* Begin PBXTargetDependency section */
		BE60299E2C13603C00B3C080 /* PBXTargetDependency */ = {
			isa = PBXTargetDependency;
			target = BE60298B2C13603B00B3C080 /* Peeking */;
			targetProxy = BE60299D2C13603C00B3C080 /* PBXContainerItemProxy */;
		};
		BE6029A82C13603C00B3C080 /* PBXTargetDependency */ = {
			isa = PBXTargetDependency;
			target = BE60298B2C13603B00B3C080 /* Peeking */;
			targetProxy = BE6029A72C13603C00B3C080 /* PBXContainerItemProxy */;
		};
/* End PBXTargetDependency section */

/* Begin XCBuildConfiguration section */
		BE6029AE2C13603C00B3C080 /* Debug */ = {
			isa = XCBuildConfiguration;
			buildSettings = {
				ALWAYS_SEARCH_USER_PATHS = NO;
				ASSETCATALOG_COMPILER_GENERATE_SWIFT_ASSET_SYMBOL_EXTENSIONS = YES;
				CLANG_ANALYZER_NONNULL = YES;
				CLANG_ANALYZER_NUMBER_OBJECT_CONVERSION = YES_AGGRESSIVE;
				CLANG_CXX_LANGUAGE_STANDARD = "gnu++20";
				CLANG_ENABLE_MODULES = YES;
				CLANG_ENABLE_OBJC_ARC = YES;
				CLANG_ENABLE_OBJC_WEAK = YES;
				CLANG_WARN_BLOCK_CAPTURE_AUTORELEASING = YES;
				CLANG_WARN_BOOL_CONVERSION = YES;
				CLANG_WARN_COMMA = YES;
				CLANG_WARN_CONSTANT_CONVERSION = YES;
				CLANG_WARN_DEPRECATED_OBJC_IMPLEMENTATIONS = YES;
				CLANG_WARN_DIRECT_OBJC_ISA_USAGE = YES_ERROR;
				CLANG_WARN_DOCUMENTATION_COMMENTS = YES;
				CLANG_WARN_EMPTY_BODY = YES;
				CLANG_WARN_ENUM_CONVERSION = YES;
				CLANG_WARN_INFINITE_RECURSION = YES;
				CLANG_WARN_INT_CONVERSION = YES;
				CLANG_WARN_NON_LITERAL_NULL_CONVERSION = YES;
				CLANG_WARN_OBJC_IMPLICIT_RETAIN_SELF = YES;
				CLANG_WARN_OBJC_LITERAL_CONVERSION = YES;
				CLANG_WARN_OBJC_ROOT_CLASS = YES_ERROR;
				CLANG_WARN_QUOTED_INCLUDE_IN_FRAMEWORK_HEADER = YES;
				CLANG_WARN_RANGE_LOOP_ANALYSIS = YES;
				CLANG_WARN_STRICT_PROTOTYPES = YES;
				CLANG_WARN_SUSPICIOUS_MOVE = YES;
				CLANG_WARN_UNGUARDED_AVAILABILITY = YES_AGGRESSIVE;
				CLANG_WARN_UNREACHABLE_CODE = YES;
				CLANG_WARN__DUPLICATE_METHOD_MATCH = YES;
				COPY_PHASE_STRIP = NO;
				DEBUG_INFORMATION_FORMAT = dwarf;
				ENABLE_STRICT_OBJC_MSGSEND = YES;
				ENABLE_TESTABILITY = YES;
				ENABLE_USER_SCRIPT_SANDBOXING = YES;
				GCC_C_LANGUAGE_STANDARD = gnu17;
				GCC_DYNAMIC_NO_PIC = NO;
				GCC_NO_COMMON_BLOCKS = YES;
				GCC_OPTIMIZATION_LEVEL = 0;
				GCC_PREPROCESSOR_DEFINITIONS = (
					"DEBUG=1",
					"$(inherited)",
				);
				GCC_WARN_64_TO_32_BIT_CONVERSION = YES;
				GCC_WARN_ABOUT_RETURN_TYPE = YES_ERROR;
				GCC_WARN_UNDECLARED_SELECTOR = YES;
				GCC_WARN_UNINITIALIZED_AUTOS = YES_AGGRESSIVE;
				GCC_WARN_UNUSED_FUNCTION = YES;
				GCC_WARN_UNUSED_VARIABLE = YES;
				IPHONEOS_DEPLOYMENT_TARGET = 17.5;
				LOCALIZATION_PREFERS_STRING_CATALOGS = YES;
				MTL_ENABLE_DEBUG_INFO = INCLUDE_SOURCE;
				MTL_FAST_MATH = YES;
				ONLY_ACTIVE_ARCH = YES;
				SDKROOT = iphoneos;
				SWIFT_ACTIVE_COMPILATION_CONDITIONS = "DEBUG $(inherited)";
				SWIFT_OPTIMIZATION_LEVEL = "-Onone";
			};
			name = Debug;
		};
		BE6029AF2C13603C00B3C080 /* Release */ = {
			isa = XCBuildConfiguration;
			buildSettings = {
				ALWAYS_SEARCH_USER_PATHS = NO;
				ASSETCATALOG_COMPILER_GENERATE_SWIFT_ASSET_SYMBOL_EXTENSIONS = YES;
				CLANG_ANALYZER_NONNULL = YES;
				CLANG_ANALYZER_NUMBER_OBJECT_CONVERSION = YES_AGGRESSIVE;
				CLANG_CXX_LANGUAGE_STANDARD = "gnu++20";
				CLANG_ENABLE_MODULES = YES;
				CLANG_ENABLE_OBJC_ARC = YES;
				CLANG_ENABLE_OBJC_WEAK = YES;
				CLANG_WARN_BLOCK_CAPTURE_AUTORELEASING = YES;
				CLANG_WARN_BOOL_CONVERSION = YES;
				CLANG_WARN_COMMA = YES;
				CLANG_WARN_CONSTANT_CONVERSION = YES;
				CLANG_WARN_DEPRECATED_OBJC_IMPLEMENTATIONS = YES;
				CLANG_WARN_DIRECT_OBJC_ISA_USAGE = YES_ERROR;
				CLANG_WARN_DOCUMENTATION_COMMENTS = YES;
				CLANG_WARN_EMPTY_BODY = YES;
				CLANG_WARN_ENUM_CONVERSION = YES;
				CLANG_WARN_INFINITE_RECURSION = YES;
				CLANG_WARN_INT_CONVERSION = YES;
				CLANG_WARN_NON_LITERAL_NULL_CONVERSION = YES;
				CLANG_WARN_OBJC_IMPLICIT_RETAIN_SELF = YES;
				CLANG_WARN_OBJC_LITERAL_CONVERSION = YES;
				CLANG_WARN_OBJC_ROOT_CLASS = YES_ERROR;
				CLANG_WARN_QUOTED_INCLUDE_IN_FRAMEWORK_HEADER = YES;
				CLANG_WARN_RANGE_LOOP_ANALYSIS = YES;
				CLANG_WARN_STRICT_PROTOTYPES = YES;
				CLANG_WARN_SUSPICIOUS_MOVE = YES;
				CLANG_WARN_UNGUARDED_AVAILABILITY = YES_AGGRESSIVE;
				CLANG_WARN_UNREACHABLE_CODE = YES;
				CLANG_WARN__DUPLICATE_METHOD_MATCH = YES;
				COPY_PHASE_STRIP = NO;
				DEBUG_INFORMATION_FORMAT = "dwarf-with-dsym";
				ENABLE_NS_ASSERTIONS = NO;
				ENABLE_STRICT_OBJC_MSGSEND = YES;
				ENABLE_USER_SCRIPT_SANDBOXING = YES;
				GCC_C_LANGUAGE_STANDARD = gnu17;
				GCC_NO_COMMON_BLOCKS = YES;
				GCC_WARN_64_TO_32_BIT_CONVERSION = YES;
				GCC_WARN_ABOUT_RETURN_TYPE = YES_ERROR;
				GCC_WARN_UNDECLARED_SELECTOR = YES;
				GCC_WARN_UNINITIALIZED_AUTOS = YES_AGGRESSIVE;
				GCC_WARN_UNUSED_FUNCTION = YES;
				GCC_WARN_UNUSED_VARIABLE = YES;
				IPHONEOS_DEPLOYMENT_TARGET = 17.5;
				LOCALIZATION_PREFERS_STRING_CATALOGS = YES;
				MTL_ENABLE_DEBUG_INFO = NO;
				MTL_FAST_MATH = YES;
				SDKROOT = iphoneos;
				SWIFT_COMPILATION_MODE = wholemodule;
				VALIDATE_PRODUCT = YES;
			};
			name = Release;
		};
		BE6029B12C13603C00B3C080 /* Debug */ = {
			isa = XCBuildConfiguration;
			buildSettings = {
				ASSETCATALOG_COMPILER_APPICON_NAME = AppIcon;
				ASSETCATALOG_COMPILER_GLOBAL_ACCENT_COLOR_NAME = AccentColor;
				CODE_SIGN_ENTITLEMENTS = Peeking/Peeking.entitlements;
				CODE_SIGN_STYLE = Automatic;
				CURRENT_PROJECT_VERSION = 1;
				DEVELOPMENT_ASSET_PATHS = "\"Peeking/Preview Content\"";
				DEVELOPMENT_TEAM = RHUMAN5DRA;
				ENABLE_PREVIEWS = YES;
				GENERATE_INFOPLIST_FILE = YES;
				INFOPLIST_FILE = Peeking/Info.plist;
				INFOPLIST_KEY_UIApplicationSceneManifest_Generation = YES;
				INFOPLIST_KEY_UIApplicationSupportsIndirectInputEvents = YES;
				INFOPLIST_KEY_UILaunchScreen_Generation = YES;
				INFOPLIST_KEY_UISupportedInterfaceOrientations_iPad = "UIInterfaceOrientationPortrait UIInterfaceOrientationPortraitUpsideDown UIInterfaceOrientationLandscapeLeft UIInterfaceOrientationLandscapeRight";
				INFOPLIST_KEY_UISupportedInterfaceOrientations_iPhone = "UIInterfaceOrientationPortrait UIInterfaceOrientationLandscapeLeft UIInterfaceOrientationLandscapeRight";
				LD_RUNPATH_SEARCH_PATHS = (
					"$(inherited)",
					"@executable_path/Frameworks",
				);
				MARKETING_VERSION = 1.0;
				PRODUCT_BUNDLE_IDENTIFIER = com.Peeking.Peeking;
				PRODUCT_NAME = "$(TARGET_NAME)";
				SWIFT_EMIT_LOC_STRINGS = YES;
				SWIFT_VERSION = 5.0;
				TARGETED_DEVICE_FAMILY = "1,2";
			};
			name = Debug;
		};
		BE6029B22C13603C00B3C080 /* Release */ = {
			isa = XCBuildConfiguration;
			buildSettings = {
				ASSETCATALOG_COMPILER_APPICON_NAME = AppIcon;
				ASSETCATALOG_COMPILER_GLOBAL_ACCENT_COLOR_NAME = AccentColor;
				CODE_SIGN_ENTITLEMENTS = Peeking/Peeking.entitlements;
				CODE_SIGN_STYLE = Automatic;
				CURRENT_PROJECT_VERSION = 1;
				DEVELOPMENT_ASSET_PATHS = "\"Peeking/Preview Content\"";
				DEVELOPMENT_TEAM = RHUMAN5DRA;
				ENABLE_PREVIEWS = YES;
				GENERATE_INFOPLIST_FILE = YES;
				INFOPLIST_FILE = Peeking/Info.plist;
				INFOPLIST_KEY_UIApplicationSceneManifest_Generation = YES;
				INFOPLIST_KEY_UIApplicationSupportsIndirectInputEvents = YES;
				INFOPLIST_KEY_UILaunchScreen_Generation = YES;
				INFOPLIST_KEY_UISupportedInterfaceOrientations_iPad = "UIInterfaceOrientationPortrait UIInterfaceOrientationPortraitUpsideDown UIInterfaceOrientationLandscapeLeft UIInterfaceOrientationLandscapeRight";
				INFOPLIST_KEY_UISupportedInterfaceOrientations_iPhone = "UIInterfaceOrientationPortrait UIInterfaceOrientationLandscapeLeft UIInterfaceOrientationLandscapeRight";
				LD_RUNPATH_SEARCH_PATHS = (
					"$(inherited)",
					"@executable_path/Frameworks",
				);
				MARKETING_VERSION = 1.0;
				PRODUCT_BUNDLE_IDENTIFIER = com.Peeking.Peeking;
				PRODUCT_NAME = "$(TARGET_NAME)";
				SWIFT_EMIT_LOC_STRINGS = YES;
				SWIFT_VERSION = 5.0;
				TARGETED_DEVICE_FAMILY = "1,2";
			};
			name = Release;
		};
		BE6029B42C13603C00B3C080 /* Debug */ = {
			isa = XCBuildConfiguration;
			buildSettings = {
				ALWAYS_EMBED_SWIFT_STANDARD_LIBRARIES = YES;
				BUNDLE_LOADER = "$(TEST_HOST)";
				CODE_SIGN_STYLE = Automatic;
				CURRENT_PROJECT_VERSION = 1;
				DEVELOPMENT_TEAM = A89RW9462N;
				GENERATE_INFOPLIST_FILE = YES;
				IPHONEOS_DEPLOYMENT_TARGET = 17.5;
				MARKETING_VERSION = 1.0;
				PRODUCT_BUNDLE_IDENTIFIER = will.PeekingTests;
				PRODUCT_NAME = "$(TARGET_NAME)";
				SWIFT_EMIT_LOC_STRINGS = NO;
				SWIFT_VERSION = 5.0;
				TARGETED_DEVICE_FAMILY = "1,2";
				TEST_HOST = "$(BUILT_PRODUCTS_DIR)/Peeking.app/$(BUNDLE_EXECUTABLE_FOLDER_PATH)/Peeking";
			};
			name = Debug;
		};
		BE6029B52C13603C00B3C080 /* Release */ = {
			isa = XCBuildConfiguration;
			buildSettings = {
				ALWAYS_EMBED_SWIFT_STANDARD_LIBRARIES = YES;
				BUNDLE_LOADER = "$(TEST_HOST)";
				CODE_SIGN_STYLE = Automatic;
				CURRENT_PROJECT_VERSION = 1;
				DEVELOPMENT_TEAM = A89RW9462N;
				GENERATE_INFOPLIST_FILE = YES;
				IPHONEOS_DEPLOYMENT_TARGET = 17.5;
				MARKETING_VERSION = 1.0;
				PRODUCT_BUNDLE_IDENTIFIER = will.PeekingTests;
				PRODUCT_NAME = "$(TARGET_NAME)";
				SWIFT_EMIT_LOC_STRINGS = NO;
				SWIFT_VERSION = 5.0;
				TARGETED_DEVICE_FAMILY = "1,2";
				TEST_HOST = "$(BUILT_PRODUCTS_DIR)/Peeking.app/$(BUNDLE_EXECUTABLE_FOLDER_PATH)/Peeking";
			};
			name = Release;
		};
		BE6029B72C13603C00B3C080 /* Debug */ = {
			isa = XCBuildConfiguration;
			buildSettings = {
				ALWAYS_EMBED_SWIFT_STANDARD_LIBRARIES = YES;
				CODE_SIGN_STYLE = Automatic;
				CURRENT_PROJECT_VERSION = 1;
				DEVELOPMENT_TEAM = A89RW9462N;
				GENERATE_INFOPLIST_FILE = YES;
				MARKETING_VERSION = 1.0;
				PRODUCT_BUNDLE_IDENTIFIER = will.PeekingUITests;
				PRODUCT_NAME = "$(TARGET_NAME)";
				SWIFT_EMIT_LOC_STRINGS = NO;
				SWIFT_VERSION = 5.0;
				TARGETED_DEVICE_FAMILY = "1,2";
				TEST_TARGET_NAME = Peeking;
			};
			name = Debug;
		};
		BE6029B82C13603C00B3C080 /* Release */ = {
			isa = XCBuildConfiguration;
			buildSettings = {
				ALWAYS_EMBED_SWIFT_STANDARD_LIBRARIES = YES;
				CODE_SIGN_STYLE = Automatic;
				CURRENT_PROJECT_VERSION = 1;
				DEVELOPMENT_TEAM = A89RW9462N;
				GENERATE_INFOPLIST_FILE = YES;
				MARKETING_VERSION = 1.0;
				PRODUCT_BUNDLE_IDENTIFIER = will.PeekingUITests;
				PRODUCT_NAME = "$(TARGET_NAME)";
				SWIFT_EMIT_LOC_STRINGS = NO;
				SWIFT_VERSION = 5.0;
				TARGETED_DEVICE_FAMILY = "1,2";
				TEST_TARGET_NAME = Peeking;
			};
			name = Release;
		};
/* End XCBuildConfiguration section */

/* Begin XCConfigurationList section */
		BE6029872C13603B00B3C080 /* Build configuration list for PBXProject "Peeking" */ = {
			isa = XCConfigurationList;
			buildConfigurations = (
				BE6029AE2C13603C00B3C080 /* Debug */,
				BE6029AF2C13603C00B3C080 /* Release */,
			);
			defaultConfigurationIsVisible = 0;
			defaultConfigurationName = Release;
		};
		BE6029B02C13603C00B3C080 /* Build configuration list for PBXNativeTarget "Peeking" */ = {
			isa = XCConfigurationList;
			buildConfigurations = (
				BE6029B12C13603C00B3C080 /* Debug */,
				BE6029B22C13603C00B3C080 /* Release */,
			);
			defaultConfigurationIsVisible = 0;
			defaultConfigurationName = Release;
		};
		BE6029B32C13603C00B3C080 /* Build configuration list for PBXNativeTarget "PeekingTests" */ = {
			isa = XCConfigurationList;
			buildConfigurations = (
				BE6029B42C13603C00B3C080 /* Debug */,
				BE6029B52C13603C00B3C080 /* Release */,
			);
			defaultConfigurationIsVisible = 0;
			defaultConfigurationName = Release;
		};
		BE6029B62C13603C00B3C080 /* Build configuration list for PBXNativeTarget "PeekingUITests" */ = {
			isa = XCConfigurationList;
			buildConfigurations = (
				BE6029B72C13603C00B3C080 /* Debug */,
				BE6029B82C13603C00B3C080 /* Release */,
			);
			defaultConfigurationIsVisible = 0;
			defaultConfigurationName = Release;
		};
/* End XCConfigurationList section */

/* Begin XCRemoteSwiftPackageReference section */
		BE5E501E2C2E213400D36578 /* XCRemoteSwiftPackageReference "firebase-ios-sdk" */ = {
			isa = XCRemoteSwiftPackageReference;
			repositoryURL = "https://github.com/firebase/firebase-ios-sdk";
			requirement = {
				kind = upToNextMajorVersion;
				minimumVersion = 10.28.1;
			};
		};
		BEAC5C712C6AD50D00C1FE31 /* XCRemoteSwiftPackageReference "SwiftUIPager" */ = {
			isa = XCRemoteSwiftPackageReference;
			repositoryURL = "https://github.com/fermoya/SwiftUIPager.git";
			requirement = {
				kind = upToNextMajorVersion;
				minimumVersion = 2.5.0;
			};
		};
		BEAC5C7A2C795DE000C1FE31 /* XCRemoteSwiftPackageReference "purchases-ios-spm" */ = {
			isa = XCRemoteSwiftPackageReference;
			repositoryURL = "https://github.com/RevenueCat/purchases-ios-spm.git";
			requirement = {
				kind = upToNextMajorVersion;
				minimumVersion = 5.3.0;
			};
		};
/* End XCRemoteSwiftPackageReference section */

/* Begin XCSwiftPackageProductDependency section */
		BE5E501F2C2E213400D36578 /* FirebaseAnalytics */ = {
			isa = XCSwiftPackageProductDependency;
			package = BE5E501E2C2E213400D36578 /* XCRemoteSwiftPackageReference "firebase-ios-sdk" */;
			productName = FirebaseAnalytics;
		};
		BE5E50212C2E213400D36578 /* FirebaseAnalyticsSwift */ = {
			isa = XCSwiftPackageProductDependency;
			package = BE5E501E2C2E213400D36578 /* XCRemoteSwiftPackageReference "firebase-ios-sdk" */;
			productName = FirebaseAnalyticsSwift;
		};
		BE5E50242C3319AB00D36578 /* FirebaseAuth */ = {
			isa = XCSwiftPackageProductDependency;
			package = BE5E501E2C2E213400D36578 /* XCRemoteSwiftPackageReference "firebase-ios-sdk" */;
			productName = FirebaseAuth;
		};
		BE8AF5802C4D919800C1D59B /* FirebaseStorage */ = {
			isa = XCSwiftPackageProductDependency;
			package = BE5E501E2C2E213400D36578 /* XCRemoteSwiftPackageReference "firebase-ios-sdk" */;
			productName = FirebaseStorage;
		};
		BEAC5C722C6AD54700C1FE31 /* SwiftUIPager */ = {
			isa = XCSwiftPackageProductDependency;
			package = BEAC5C712C6AD50D00C1FE31 /* XCRemoteSwiftPackageReference "SwiftUIPager" */;
			productName = SwiftUIPager;
		};
		BEAC5C7B2C795DE000C1FE31 /* RevenueCat */ = {
			isa = XCSwiftPackageProductDependency;
			package = BEAC5C7A2C795DE000C1FE31 /* XCRemoteSwiftPackageReference "purchases-ios-spm" */;
			productName = RevenueCat;
		};
		BEAC5C7D2C795DE000C1FE31 /* RevenueCatUI */ = {
			isa = XCSwiftPackageProductDependency;
			package = BEAC5C7A2C795DE000C1FE31 /* XCRemoteSwiftPackageReference "purchases-ios-spm" */;
			productName = RevenueCatUI;
		};
		BEE502592C3872F300B6175B /* FirebaseFirestore */ = {
			isa = XCSwiftPackageProductDependency;
			package = BE5E501E2C2E213400D36578 /* XCRemoteSwiftPackageReference "firebase-ios-sdk" */;
			productName = FirebaseFirestore;
		};
		BEE5025B2C3872F300B6175B /* FirebaseFirestoreSwift */ = {
			isa = XCSwiftPackageProductDependency;
			package = BE5E501E2C2E213400D36578 /* XCRemoteSwiftPackageReference "firebase-ios-sdk" */;
			productName = FirebaseFirestoreSwift;
		};
/* End XCSwiftPackageProductDependency section */
	};
	rootObject = BE6029842C13603B00B3C080 /* Project object */;
}
